
Microsoft Visual Studio Solution File, Format Version 12.00
# Visual Studio Version 17
VisualStudioVersion = 17.2.32630.192
MinimumVisualStudioVersion = 10.0.40219.1
Project("{FAE04EC0-301F-11D3-BF4B-00C04F79EFBC}") = "question1", "question1\question1.csproj", "{DDD3E93E-8469-420F-B3E4-68FFDAF8078A}"
EndProject
Global
	GlobalSection(SolutionConfigurationPlatforms) = preSolution
		Debug|Any CPU = Debug|Any CPU
		Release|Any CPU = Release|Any CPU
	EndGlobalSection
	GlobalSection(ProjectConfigurationPlatforms) = postSolution
		{DDD3E93E-8469-420F-B3E4-68FFDAF8078A}.Debug|Any CPU.ActiveCfg = Debug|Any CPU
		{DDD3E93E-8469-420F-B3E4-68FFDAF8078A}.Debug|Any CPU.Build.0 = Debug|Any CPU
		{DDD3E93E-8469-420F-B3E4-68FFDAF8078A}.Release|Any CPU.ActiveCfg = Release|Any CPU
		{DDD3E93E-8469-420F-B3E4-68FFDAF8078A}.Release|Any CPU.Build.0 = Release|Any CPU
	EndGlobalSection
	GlobalSection(SolutionProperties) = preSolution
		HideSolutionNode = FALSE
	EndGlobalSection
	GlobalSection(ExtensibilityGlobals) = postSolution
		SolutionGuid = {78150D0C-972E-42EC-B61E-E90250B40AD6}
	EndGlobalSection
EndGlobal
